// !$*UTF8*$!
{
	archiveVersion = 1;
	classes = {
	};
	objectVersion = 50;
	objects = {

/* Begin PBXBuildFile section */
		A26639C8255E905700AA467F /* AppDelegate.swift in Sources */ = {isa = PBXBuildFile; fileRef = A26639C7255E905700AA467F /* AppDelegate.swift */; };
		A26639CA255E905700AA467F /* SceneDelegate.swift in Sources */ = {isa = PBXBuildFile; fileRef = A26639C9255E905700AA467F /* SceneDelegate.swift */; };
		A26639CC255E905700AA467F /* ViewController.swift in Sources */ = {isa = PBXBuildFile; fileRef = A26639CB255E905700AA467F /* ViewController.swift */; };
		A26639CF255E905700AA467F /* Main.storyboard in Resources */ = {isa = PBXBuildFile; fileRef = A26639CD255E905700AA467F /* Main.storyboard */; };
		A26639D1255E905A00AA467F /* Assets.xcassets in Resources */ = {isa = PBXBuildFile; fileRef = A26639D0255E905A00AA467F /* Assets.xcassets */; };
		A26639D4255E905A00AA467F /* LaunchScreen.storyboard in Resources */ = {isa = PBXBuildFile; fileRef = A26639D2255E905A00AA467F /* LaunchScreen.storyboard */; };
		A26639E0255E90FA00AA467F /* song2.mp3 in Resources */ = {isa = PBXBuildFile; fileRef = A26639DD255E90F900AA467F /* song2.mp3 */; };
		A26639E1255E90FA00AA467F /* song1.mp3 in Resources */ = {isa = PBXBuildFile; fileRef = A26639DE255E90F900AA467F /* song1.mp3 */; };
		A26639E2255E90FA00AA467F /* song3.mp3 in Resources */ = {isa = PBXBuildFile; fileRef = A26639DF255E90FA00AA467F /* song3.mp3 */; };
		A26639E5255E9C9E00AA467F /* PlayerViewController.swift in Sources */ = {isa = PBXBuildFile; fileRef = A26639E4255E9C9E00AA467F /* PlayerViewController.swift */; };
/* End PBXBuildFile section */

/* Begin PBXFileReference section */
		A26639C4255E905700AA467F /* Wendio.app */ = {isa = PBXFileReference; explicitFileType = wrapper.application; includeInIndex = 0; path = Wendio.app; sourceTree = BUILT_PRODUCTS_DIR; };
		A26639C7255E905700AA467F /* AppDelegate.swift */ = {isa = PBXFileReference; lastKnownFileType = sourcecode.swift; path = AppDelegate.swift; sourceTree = "<group>"; };
		A26639C9255E905700AA467F /* SceneDelegate.swift */ = {isa = PBXFileReference; lastKnownFileType = sourcecode.swift; path = SceneDelegate.swift; sourceTree = "<group>"; };
		A26639CB255E905700AA467F /* ViewController.swift */ = {isa = PBXFileReference; lastKnownFileType = sourcecode.swift; path = ViewController.swift; sourceTree = "<group>"; };
		A26639CE255E905700AA467F /* Base */ = {isa = PBXFileReference; lastKnownFileType = file.storyboard; name = Base; path = Base.lproj/Main.storyboard; sourceTree = "<group>"; };
		A26639D0255E905A00AA467F /* Assets.xcassets */ = {isa = PBXFileReference; lastKnownFileType = folder.assetcatalog; path = Assets.xcassets; sourceTree = "<group>"; };
		A26639D3255E905A00AA467F /* Base */ = {isa = PBXFileReference; lastKnownFileType = file.storyboard; name = Base; path = Base.lproj/LaunchScreen.storyboard; sourceTree = "<group>"; };
		A26639D5255E905A00AA467F /* Info.plist */ = {isa = PBXFileReference; lastKnownFileType = text.plist.xml; path = Info.plist; sourceTree = "<group>"; };
		A26639DD255E90F900AA467F /* song2.mp3 */ = {isa = PBXFileReference; lastKnownFileType = audio.mp3; path = song2.mp3; sourceTree = "<group>"; };
		A26639DE255E90F900AA467F /* song1.mp3 */ = {isa = PBXFileReference; lastKnownFileType = audio.mp3; path = song1.mp3; sourceTree = "<group>"; };
		A26639DF255E90FA00AA467F /* song3.mp3 */ = {isa = PBXFileReference; lastKnownFileType = audio.mp3; path = song3.mp3; sourceTree = "<group>"; };
		A26639E4255E9C9E00AA467F /* PlayerViewController.swift */ = {isa = PBXFileReference; lastKnownFileType = sourcecode.swift; path = PlayerViewController.swift; sourceTree = "<group>"; };
/* End PBXFileReference section */

/* Begin PBXFrameworksBuildPhase section */
		A26639C1255E905700AA467F /* Frameworks */ = {
			isa = PBXFrameworksBuildPhase;
			buildActionMask = 2147483647;
			files = (
			);
			runOnlyForDeploymentPostprocessing = 0;
		};
/* End PBXFrameworksBuildPhase section */

/* Begin PBXGroup section */
		A26639BB255E905700AA467F = {
			isa = PBXGroup;
			children = (
				A26639C6255E905700AA467F /* Wendio */,
				A26639C5255E905700AA467F /* Products */,
			);
			sourceTree = "<group>";
		};
		A26639C5255E905700AA467F /* Products */ = {
			isa = PBXGroup;
			children = (
				A26639C4255E905700AA467F /* Wendio.app */,
			);
			name = Products;
			sourceTree = "<group>";
		};
		A26639C6255E905700AA467F /* Wendio */ = {
			isa = PBXGroup;
			children = (
				A26639DC255E90C900AA467F /* Audio */,
				A26639C7255E905700AA467F /* AppDelegate.swift */,
				A26639C9255E905700AA467F /* SceneDelegate.swift */,
				A26639CB255E905700AA467F /* ViewController.swift */,
				A26639CD255E905700AA467F /* Main.storyboard */,
				A26639D0255E905A00AA467F /* Assets.xcassets */,
				A26639D2255E905A00AA467F /* LaunchScreen.storyboard */,
				A26639D5255E905A00AA467F /* Info.plist */,
				A26639E4255E9C9E00AA467F /* PlayerViewController.swift */,
			);
			path = Wendio;
			sourceTree = "<group>";
		};
		A26639DC255E90C900AA467F /* Audio */ = {
			isa = PBXGroup;
			children = (
				A26639DE255E90F900AA467F /* song1.mp3 */,
				A26639DD255E90F900AA467F /* song2.mp3 */,
				A26639DF255E90FA00AA467F /* song3.mp3 */,
			);
			path = Audio;
			sourceTree = "<group>";
		};
/* End PBXGroup section */

/* Begin PBXNativeTarget section */
		A26639C3255E905700AA467F /* Wendio */ = {
			isa = PBXNativeTarget;
			buildConfigurationList = A26639D8255E905A00AA467F /* Build configuration list for PBXNativeTarget "Wendio" */;
			buildPhases = (
				A26639C0255E905700AA467F /* Sources */,
				A26639C1255E905700AA467F /* Frameworks */,
				A26639C2255E905700AA467F /* Resources */,
			);
			buildRules = (
			);
			dependencies = (
			);
			name = Wendio;
			productName = Wendio;
			productReference = A26639C4255E905700AA467F /* Wendio.app */;
			productType = "com.apple.product-type.application";
		};
/* End PBXNativeTarget section */

/* Begin PBXProject section */
		A26639BC255E905700AA467F /* Project object */ = {
			isa = PBXProject;
			attributes = {
				LastSwiftUpdateCheck = 1220;
				LastUpgradeCheck = 1220;
				TargetAttributes = {
					A26639C3255E905700AA467F = {
						CreatedOnToolsVersion = 12.2;
					};
				};
			};
			buildConfigurationList = A26639BF255E905700AA467F /* Build configuration list for PBXProject "Wendio" */;
			compatibilityVersion = "Xcode 9.3";
			developmentRegion = en;
			hasScannedForEncodings = 0;
			knownRegions = (
				en,
				Base,
			);
			mainGroup = A26639BB255E905700AA467F;
			productRefGroup = A26639C5255E905700AA467F /* Products */;
			projectDirPath = "";
			projectRoot = "";
			targets = (
				A26639C3255E905700AA467F /* Wendio */,
			);
		};
/* End PBXProject section */

/* Begin PBXResourcesBuildPhase section */
		A26639C2255E905700AA467F /* Resources */ = {
			isa = PBXResourcesBuildPhase;
			buildActionMask = 2147483647;
			files = (
				A26639E0255E90FA00AA467F /* song2.mp3 in Resources */,
				A26639E2255E90FA00AA467F /* song3.mp3 in Resources */,
				A26639E1255E90FA00AA467F /* song1.mp3 in Resources */,
				A26639D4255E905A00AA467F /* LaunchScreen.storyboard in Resources */,
				A26639D1255E905A00AA467F /* Assets.xcassets in Resources */,
				A26639CF255E905700AA467F /* Main.storyboard in Resources */,
			);
			runOnlyForDeploymentPostprocessing = 0;
		};
/* End PBXResourcesBuildPhase section */

/* Begin PBXSourcesBuildPhase section */
		A26639C0255E905700AA467F /* Sources */ = {
			isa = PBXSourcesBuildPhase;
			buildActionMask = 2147483647;
			files = (
				A26639CC255E905700AA467F /* ViewController.swift in Sources */,
				A26639E5255E9C9E00AA467F /* PlayerViewController.swift in Sources */,
				A26639C8255E905700AA467F /* AppDelegate.swift in Sources */,
				A26639CA255E905700AA467F /* SceneDelegate.swift in Sources */,
			);
			runOnlyForDeploymentPostprocessing = 0;
		};
/* End PBXSourcesBuildPhase section */

/* Begin PBXVariantGroup section */
		A26639CD255E905700AA467F /* Main.storyboard */ = {
			isa = PBXVariantGroup;
			children = (
				A26639CE255E905700AA467F /* Base */,
			);
			name = Main.storyboard;
			sourceTree = "<group>";
		};
		A26639D2255E905A00AA467F /* LaunchScreen.storyboard */ = {
			isa = PBXVariantGroup;
			children = (
				A26639D3255E905A00AA467F /* Base */,
			);
			name = LaunchScreen.storyboard;
			sourceTree = "<group>";
		};
/* End PBXVariantGroup section */

/* Begin XCBuildConfiguration section */
		A26639D6255E905A00AA467F /* Debug */ = {
			isa = XCBuildConfiguration;
			buildSettings = {
				ALWAYS_SEARCH_USER_PATHS = NO;
				CLANG_ANALYZER_NONNULL = YES;
				CLANG_ANALYZER_NUMBER_OBJECT_CONVERSION = YES_AGGRESSIVE;
				CLANG_CXX_LANGUAGE_STANDARD = "gnu++14";
				CLANG_CXX_LIBRARY = "libc++";
				CLANG_ENABLE_MODULES = YES;
				CLANG_ENABLE_OBJC_ARC = YES;
				CLANG_ENABLE_OBJC_WEAK = YES;
				CLANG_WARN_BLOCK_CAPTURE_AUTORELEASING = YES;
				CLANG_WARN_BOOL_CONVERSION = YES;
				CLANG_WARN_COMMA = YES;
				CLANG_WARN_CONSTANT_CONVERSION = YES;
				CLANG_WARN_DEPRECATED_OBJC_IMPLEMENTATIONS = YES;
				CLANG_WARN_DIRECT_OBJC_ISA_USAGE = YES_ERROR;
				CLANG_WARN_DOCUMENTATION_COMMENTS = YES;
				CLANG_WARN_EMPTY_BODY = YES;
				CLANG_WARN_ENUM_CONVERSION = YES;
				CLANG_WARN_INFINITE_RECURSION = YES;
				CLANG_WARN_INT_CONVERSION = YES;
				CLANG_WARN_NON_LITERAL_NULL_CONVERSION = YES;
				CLANG_WARN_OBJC_IMPLICIT_RETAIN_SELF = YES;
				CLANG_WARN_OBJC_LITERAL_CONVERSION = YES;
				CLANG_WARN_OBJC_ROOT_CLASS = YES_ERROR;
				CLANG_WARN_QUOTED_INCLUDE_IN_FRAMEWORK_HEADER = YES;
				CLANG_WARN_RANGE_LOOP_ANALYSIS = YES;
				CLANG_WARN_STRICT_PROTOTYPES = YES;
				CLANG_WARN_SUSPICIOUS_MOVE = YES;
				CLANG_WARN_UNGUARDED_AVAILABILITY = YES_AGGRESSIVE;
				CLANG_WARN_UNREACHABLE_CODE = YES;
				CLANG_WARN__DUPLICATE_METHOD_MATCH = YES;
				COPY_PHASE_STRIP = NO;
				DEBUG_INFORMATION_FORMAT = dwarf;
				ENABLE_STRICT_OBJC_MSGSEND = YES;
				ENABLE_TESTABILITY = YES;
				GCC_C_LANGUAGE_STANDARD = gnu11;
				GCC_DYNAMIC_NO_PIC = NO;
				GCC_NO_COMMON_BLOCKS = YES;
				GCC_OPTIMIZATION_LEVEL = 0;
				GCC_PREPROCESSOR_DEFINITIONS = (
					"DEBUG=1",
					"$(inherited)",
				);
				GCC_WARN_64_TO_32_BIT_CONVERSION = YES;
				GCC_WARN_ABOUT_RETURN_TYPE = YES_ERROR;
				GCC_WARN_UNDECLARED_SELECTOR = YES;
				GCC_WARN_UNINITIALIZED_AUTOS = YES_AGGRESSIVE;
				GCC_WARN_UNUSED_FUNCTION = YES;
				GCC_WARN_UNUSED_VARIABLE = YES;
				IPHONEOS_DEPLOYMENT_TARGET = 14.2;
				MTL_ENABLE_DEBUG_INFO = INCLUDE_SOURCE;
				MTL_FAST_MATH = YES;
				ONLY_ACTIVE_ARCH = YES;
				SDKROOT = iphoneos;
				SWIFT_ACTIVE_COMPILATION_CONDITIONS = DEBUG;
				SWIFT_OPTIMIZATION_LEVEL = "-Onone";
			};
			name = Debug;
		};
		A26639D7255E905A00AA467F /* Release */ = {
			isa = XCBuildConfiguration;
			buildSettings = {
				ALWAYS_SEARCH_USER_PATHS = NO;
				CLANG_ANALYZER_NONNULL = YES;
				CLANG_ANALYZER_NUMBER_OBJECT_CONVERSION = YES_AGGRESSIVE;
				CLANG_CXX_LANGUAGE_STANDARD = "gnu++14";
				CLANG_CXX_LIBRARY = "libc++";
				CLANG_ENABLE_MODULES = YES;
				CLANG_ENABLE_OBJC_ARC = YES;
				CLANG_ENABLE_OBJC_WEAK = YES;
				CLANG_WARN_BLOCK_CAPTURE_AUTORELEASING = YES;
				CLANG_WARN_BOOL_CONVERSION = YES;
				CLANG_WARN_COMMA = YES;
				CLANG_WARN_CONSTANT_CONVERSION = YES;
				CLANG_WARN_DEPRECATED_OBJC_IMPLEMENTATIONS = YES;
				CLANG_WARN_DIRECT_OBJC_ISA_USAGE = YES_ERROR;
				CLANG_WARN_DOCUMENTATION_COMMENTS = YES;
				CLANG_WARN_EMPTY_BODY = YES;
				CLANG_WARN_ENUM_CONVERSION = YES;
				CLANG_WARN_INFINITE_RECURSION = YES;
				CLANG_WARN_INT_CONVERSION = YES;
				CLANG_WARN_NON_LITERAL_NULL_CONVERSION = YES;
				CLANG_WARN_OBJC_IMPLICIT_RETAIN_SELF = YES;
				CLANG_WARN_OBJC_LITERAL_CONVERSION = YES;
				CLANG_WARN_OBJC_ROOT_CLASS = YES_ERROR;
				CLANG_WARN_QUOTED_INCLUDE_IN_FRAMEWORK_HEADER = YES;
				CLANG_WARN_RANGE_LOOP_ANALYSIS = YES;
				CLANG_WARN_STRICT_PROTOTYPES = YES;
				CLANG_WARN_SUSPICIOUS_MOVE = YES;
				CLANG_WARN_UNGUARDED_AVAILABILITY = YES_AGGRESSIVE;
				CLANG_WARN_UNREACHABLE_CODE = YES;
				CLANG_WARN__DUPLICATE_METHOD_MATCH = YES;
				COPY_PHASE_STRIP = NO;
				DEBUG_INFORMATION_FORMAT = "dwarf-with-dsym";
				ENABLE_NS_ASSERTIONS = NO;
				ENABLE_STRICT_OBJC_MSGSEND = YES;
				GCC_C_LANGUAGE_STANDARD = gnu11;
				GCC_NO_COMMON_BLOCKS = YES;
				GCC_WARN_64_TO_32_BIT_CONVERSION = YES;
				GCC_WARN_ABOUT_RETURN_TYPE = YES_ERROR;
				GCC_WARN_UNDECLARED_SELECTOR = YES;
				GCC_WARN_UNINITIALIZED_AUTOS = YES_AGGRESSIVE;
				GCC_WARN_UNUSED_FUNCTION = YES;
				GCC_WARN_UNUSED_VARIABLE = YES;
				IPHONEOS_DEPLOYMENT_TARGET = 14.2;
				MTL_ENABLE_DEBUG_INFO = NO;
				MTL_FAST_MATH = YES;
				SDKROOT = iphoneos;
				SWIFT_COMPILATION_MODE = wholemodule;
				SWIFT_OPTIMIZATION_LEVEL = "-O";
				VALIDATE_PRODUCT = YES;
			};
			name = Release;
		};
		A26639D9255E905A00AA467F /* Debug */ = {
			isa = XCBuildConfiguration;
			buildSettings = {
				ASSETCATALOG_COMPILER_APPICON_NAME = AppIcon;
				ASSETCATALOG_COMPILER_GLOBAL_ACCENT_COLOR_NAME = AccentColor;
				CODE_SIGN_STYLE = Automatic;
				INFOPLIST_FILE = Wendio/Info.plist;
				LD_RUNPATH_SEARCH_PATHS = (
					"$(inherited)",
					"@executable_path/Frameworks",
				);
				PRODUCT_BUNDLE_IDENTIFIER = wdliu.Wendio;
				PRODUCT_NAME = "$(TARGET_NAME)";
				SWIFT_VERSION = 5.0;
				TARGETED_DEVICE_FAMILY = "1,2";
			};
			name = Debug;
		};
		A26639DA255E905A00AA467F /* Release */ = {
			isa = XCBuildConfiguration;
			buildSettings = {
				ASSETCATALOG_COMPILER_APPICON_NAME = AppIcon;
				ASSETCATALOG_COMPILER_GLOBAL_ACCENT_COLOR_NAME = AccentColor;
				CODE_SIGN_STYLE = Automatic;
				INFOPLIST_FILE = Wendio/Info.plist;
				LD_RUNPATH_SEARCH_PATHS = (
					"$(inherited)",
					"@executable_path/Frameworks",
				);
				PRODUCT_BUNDLE_IDENTIFIER = wdliu.Wendio;
				PRODUCT_NAME = "$(TARGET_NAME)";
				SWIFT_VERSION = 5.0;
				TARGETED_DEVICE_FAMILY = "1,2";
			};
			name = Release;
		};
/* End XCBuildConfiguration section */

/* Begin XCConfigurationList section */
		A26639BF255E905700AA467F /* Build configuration list for PBXProject "Wendio" */ = {
			isa = XCConfigurationList;
			buildConfigurations = (
				A26639D6255E905A00AA467F /* Debug */,
				A26639D7255E905A00AA467F /* Release */,
			);
			defaultConfigurationIsVisible = 0;
			defaultConfigurationName = Release;
		};
		A26639D8255E905A00AA467F /* Build configuration list for PBXNativeTarget "Wendio" */ = {
			isa = XCConfigurationList;
			buildConfigurations = (
				A26639D9255E905A00AA467F /* Debug */,
				A26639DA255E905A00AA467F /* Release */,
			);
			defaultConfigurationIsVisible = 0;
			defaultConfigurationName = Release;
		};
/* End XCConfigurationList section */
	};
	rootObject = A26639BC255E905700AA467F /* Project object */;
}
